
Microsoft Visual Studio Solution File, Format Version 12.00
# Visual Studio Version 17
VisualStudioVersion = 17.0.31903.59
MinimumVisualStudioVersion = 10.0.40219.1
Project("{FAE04EC0-301F-11D3-BF4B-00C04F79EFBC}") = "TaskRunner.App", "TaskRunner.App\TaskRunner.App.csproj", "{6DEE9D20-BE5F-40EF-BA1C-E44C8D44AA3D}"
EndProject
Project("{FAE04EC0-301F-11D3-BF4B-00C04F79EFBC}") = "TaskRunner.Lib", "TaskRunner.Lib\TaskRunner.Lib.csproj", "{8C46395F-6E91-416E-AFCF-6AD6F988EADC}"
EndProject
Global
	GlobalSection(SolutionConfigurationPlatforms) = preSolution
		Debug|Any CPU = Debug|Any CPU
		Release|Any CPU = Release|Any CPU
	EndGlobalSection
	GlobalSection(SolutionProperties) = preSolution
		HideSolutionNode = FALSE
	EndGlobalSection
	GlobalSection(ProjectConfigurationPlatforms) = postSolution
		{6DEE9D20-BE5F-40EF-BA1C-E44C8D44AA3D}.Debug|Any CPU.ActiveCfg = Debug|Any CPU
		{6DEE9D20-BE5F-40EF-BA1C-E44C8D44AA3D}.Debug|Any CPU.Build.0 = Debug|Any CPU
		{6DEE9D20-BE5F-40EF-BA1C-E44C8D44AA3D}.Release|Any CPU.ActiveCfg = Release|Any CPU
		{6DEE9D20-BE5F-40EF-BA1C-E44C8D44AA3D}.Release|Any CPU.Build.0 = Release|Any CPU
		{8C46395F-6E91-416E-AFCF-6AD6F988EADC}.Debug|Any CPU.ActiveCfg = Debug|Any CPU
		{8C46395F-6E91-416E-AFCF-6AD6F988EADC}.Debug|Any CPU.Build.0 = Debug|Any CPU
		{8C46395F-6E91-416E-AFCF-6AD6F988EADC}.Release|Any CPU.ActiveCfg = Release|Any CPU
		{8C46395F-6E91-416E-AFCF-6AD6F988EADC}.Release|Any CPU.Build.0 = Release|Any CPU
	EndGlobalSection
EndGlobal
